
Microsoft Visual Studio Solution File, Format Version 12.00
# Visual Studio Version 17
VisualStudioVersion = 17.7.34202.233
MinimumVisualStudioVersion = 10.0.40219.1
Project("{9A19103F-16F7-4668-BE54-9A1E7A4F7556}") = "WeatherAppV2.Infrastructure", "WeatherAppV2.Infrastructure\WeatherAppV2.Infrastructure.csproj", "{8E7C979C-B3B5-434B-993F-A882C78350DF}"
EndProject
Project("{9A19103F-16F7-4668-BE54-9A1E7A4F7556}") = "WeatherAppV2.WebApp", "WeatherAppV2.WebApp\WeatherAppV2.WebApp.csproj", "{3A286043-2A70-496B-90C3-70BAAB11C7AD}"
EndProject
Project("{FAE04EC0-301F-11D3-BF4B-00C04F79EFBC}") = "WeatherAppV2.Domain", "WeatherAppV2.Domain\WeatherAppV2.Domain.csproj", "{C61D22A9-A7C0-4D9A-A43B-7BD614BB3F09}"
EndProject
Global
	GlobalSection(SolutionConfigurationPlatforms) = preSolution
		Debug|Any CPU = Debug|Any CPU
		Release|Any CPU = Release|Any CPU
	EndGlobalSection
	GlobalSection(ProjectConfigurationPlatforms) = postSolution
		{8E7C979C-B3B5-434B-993F-A882C78350DF}.Debug|Any CPU.ActiveCfg = Debug|Any CPU
		{8E7C979C-B3B5-434B-993F-A882C78350DF}.Debug|Any CPU.Build.0 = Debug|Any CPU
		{8E7C979C-B3B5-434B-993F-A882C78350DF}.Release|Any CPU.ActiveCfg = Release|Any CPU
		{8E7C979C-B3B5-434B-993F-A882C78350DF}.Release|Any CPU.Build.0 = Release|Any CPU
		{3A286043-2A70-496B-90C3-70BAAB11C7AD}.Debug|Any CPU.ActiveCfg = Debug|Any CPU
		{3A286043-2A70-496B-90C3-70BAAB11C7AD}.Debug|Any CPU.Build.0 = Debug|Any CPU
		{3A286043-2A70-496B-90C3-70BAAB11C7AD}.Release|Any CPU.ActiveCfg = Release|Any CPU
		{3A286043-2A70-496B-90C3-70BAAB11C7AD}.Release|Any CPU.Build.0 = Release|Any CPU
		{C61D22A9-A7C0-4D9A-A43B-7BD614BB3F09}.Debug|Any CPU.ActiveCfg = Debug|Any CPU
		{C61D22A9-A7C0-4D9A-A43B-7BD614BB3F09}.Debug|Any CPU.Build.0 = Debug|Any CPU
		{C61D22A9-A7C0-4D9A-A43B-7BD614BB3F09}.Release|Any CPU.ActiveCfg = Release|Any CPU
		{C61D22A9-A7C0-4D9A-A43B-7BD614BB3F09}.Release|Any CPU.Build.0 = Release|Any CPU
	EndGlobalSection
	GlobalSection(SolutionProperties) = preSolution
		HideSolutionNode = FALSE
	EndGlobalSection
	GlobalSection(ExtensibilityGlobals) = postSolution
		SolutionGuid = {512BCFFC-943B-44CD-BB3D-DF78053AB211}
	EndGlobalSection
EndGlobal
